// !$*UTF8*$!
{
	archiveVersion = 1;
	classes = {
	};
	objectVersion = 77;
	objects = {

/* Begin PBXBuildFile section */
		0201980EF6B1CF376CE8CB91 /* SBARDetailView.swift in Sources */ = {isa = PBXBuildFile; fileRef = F495BA19EC2C4DCC465D46A8 /* SBARDetailView.swift */; };
		02B725E77F574A135B3125B3 /* CockpitSettings.swift in Sources */ = {isa = PBXBuildFile; fileRef = FA7EA0064D2C8541D466558C /* CockpitSettings.swift */; };
		043AC30A625E196AE0399350 /* Core in Frameworks */ = {isa = PBXBuildFile; productRef = E14C633AE8BECFA5FA2A038D /* Core */; };
		215BB882FC5892B76FEBC514 /* SettingsView.swift in Sources */ = {isa = PBXBuildFile; fileRef = 0909C4101C19A4B7CE6CE364 /* SettingsView.swift */; };
		24053830E786618821046253 /* CockpitApp.swift in Sources */ = {isa = PBXBuildFile; fileRef = 54B1921F5959B03F46508A79 /* CockpitApp.swift */; };
		247ABA78C6FE2BC434DDBE4B /* SettingsAccess in Frameworks */ = {isa = PBXBuildFile; productRef = 37F20202C24E86CDD84045E9 /* SettingsAccess */; };
		346F7415782F1F419D116751 /* BacklogHypothesis.swift in Sources */ = {isa = PBXBuildFile; fileRef = 1483A931688AE22C1D96D562 /* BacklogHypothesis.swift */; };
		43D962F1531C5D593E701917 /* AppDelegate.swift in Sources */ = {isa = PBXBuildFile; fileRef = 87498EAEC2A6A785DF5A83F1 /* AppDelegate.swift */; };
		590C5A7840E85C35EAD7A07A /* CockpitSchema.swift in Sources */ = {isa = PBXBuildFile; fileRef = BAF6837DB9535CB1C0FBC52B /* CockpitSchema.swift */; };
		6E63928C19DAA8FEE6ABFED3 /* RepoWatcher.swift in Sources */ = {isa = PBXBuildFile; fileRef = 8AB8947BCB49D0A3EE3C9FA0 /* RepoWatcher.swift */; };
		76CC42A865BC8A726AD304BD /* MilestoneKanbanView.swift in Sources */ = {isa = PBXBuildFile; fileRef = 5AC1674BE1E80346C94DA7DA /* MilestoneKanbanView.swift */; };
		8F95206E252E5698E601FEFD /* FeatureDocumentsView.swift in Sources */ = {isa = PBXBuildFile; fileRef = 3830CD87855310402FE360F4 /* FeatureDocumentsView.swift */; };
		AE322EB06B72812DC240EE1D /* HypothesisCardView.swift in Sources */ = {isa = PBXBuildFile; fileRef = 74ADC0900A78FC73E1BB4C9F /* HypothesisCardView.swift */; };
		AF25E5AF8B64B21880FF9E74 /* PortfolioStore.swift in Sources */ = {isa = PBXBuildFile; fileRef = 348F8135BD0F6C020C23F1AC /* PortfolioStore.swift */; };
		B5020528F36DECB11F955BE2 /* HypothesisStatus+UI.swift in Sources */ = {isa = PBXBuildFile; fileRef = 9B73DC5BF408731331EE6FFF /* HypothesisStatus+UI.swift */; };
		D0930F70B63C113406E85476 /* PortfolioView.swift in Sources */ = {isa = PBXBuildFile; fileRef = 331C12E183DB75C77F1A47D0 /* PortfolioView.swift */; };
		DE723B2CE17B258A2A796B4A /* MarkdownView.swift in Sources */ = {isa = PBXBuildFile; fileRef = 94A0512F95BAE21582D3781E /* MarkdownView.swift */; };
		FB78D19E7F8559CEDB548E39 /* MenuBarView.swift in Sources */ = {isa = PBXBuildFile; fileRef = 43C785ABB6B014BC20DFB59F /* MenuBarView.swift */; };
/* End PBXBuildFile section */

/* Begin PBXFileReference section */
		0909C4101C19A4B7CE6CE364 /* SettingsView.swift */ = {isa = PBXFileReference; lastKnownFileType = sourcecode.swift; path = SettingsView.swift; sourceTree = "<group>"; };
		1483A931688AE22C1D96D562 /* BacklogHypothesis.swift */ = {isa = PBXFileReference; lastKnownFileType = sourcecode.swift; path = BacklogHypothesis.swift; sourceTree = "<group>"; };
		331C12E183DB75C77F1A47D0 /* PortfolioView.swift */ = {isa = PBXFileReference; lastKnownFileType = sourcecode.swift; path = PortfolioView.swift; sourceTree = "<group>"; };
		348F8135BD0F6C020C23F1AC /* PortfolioStore.swift */ = {isa = PBXFileReference; lastKnownFileType = sourcecode.swift; path = PortfolioStore.swift; sourceTree = "<group>"; };
		3830CD87855310402FE360F4 /* FeatureDocumentsView.swift */ = {isa = PBXFileReference; lastKnownFileType = sourcecode.swift; path = FeatureDocumentsView.swift; sourceTree = "<group>"; };
		427386EC072DEB795578999B /* Info.plist */ = {isa = PBXFileReference; lastKnownFileType = text.plist; path = Info.plist; sourceTree = "<group>"; };
		43C785ABB6B014BC20DFB59F /* MenuBarView.swift */ = {isa = PBXFileReference; lastKnownFileType = sourcecode.swift; path = MenuBarView.swift; sourceTree = "<group>"; };
		54B1921F5959B03F46508A79 /* CockpitApp.swift */ = {isa = PBXFileReference; lastKnownFileType = sourcecode.swift; path = CockpitApp.swift; sourceTree = "<group>"; };
		5AC1674BE1E80346C94DA7DA /* MilestoneKanbanView.swift */ = {isa = PBXFileReference; lastKnownFileType = sourcecode.swift; path = MilestoneKanbanView.swift; sourceTree = "<group>"; };
		74ADC0900A78FC73E1BB4C9F /* HypothesisCardView.swift */ = {isa = PBXFileReference; lastKnownFileType = sourcecode.swift; path = HypothesisCardView.swift; sourceTree = "<group>"; };
		87498EAEC2A6A785DF5A83F1 /* AppDelegate.swift */ = {isa = PBXFileReference; lastKnownFileType = sourcecode.swift; path = AppDelegate.swift; sourceTree = "<group>"; };
		8AB8947BCB49D0A3EE3C9FA0 /* RepoWatcher.swift */ = {isa = PBXFileReference; lastKnownFileType = sourcecode.swift; path = RepoWatcher.swift; sourceTree = "<group>"; };
		94A0512F95BAE21582D3781E /* MarkdownView.swift */ = {isa = PBXFileReference; lastKnownFileType = sourcecode.swift; path = MarkdownView.swift; sourceTree = "<group>"; };
		9B73DC5BF408731331EE6FFF /* HypothesisStatus+UI.swift */ = {isa = PBXFileReference; lastKnownFileType = sourcecode.swift; path = "HypothesisStatus+UI.swift"; sourceTree = "<group>"; };
		BAF6837DB9535CB1C0FBC52B /* CockpitSchema.swift */ = {isa = PBXFileReference; lastKnownFileType = sourcecode.swift; path = CockpitSchema.swift; sourceTree = "<group>"; };
		BC755B6EEA537DC414827C48 /* OneManSquadOS.app */ = {isa = PBXFileReference; explicitFileType = wrapper.application; includeInIndex = 0; path = OneManSquadOS.app; sourceTree = BUILT_PRODUCTS_DIR; };
		DD81564D7A1C925DEAA5D65C /* philosophy-driven-ux */ = {isa = PBXFileReference; lastKnownFileType = folder; name = "philosophy-driven-ux"; path = .; sourceTree = SOURCE_ROOT; };
		F495BA19EC2C4DCC465D46A8 /* SBARDetailView.swift */ = {isa = PBXFileReference; lastKnownFileType = sourcecode.swift; path = SBARDetailView.swift; sourceTree = "<group>"; };
		FA7EA0064D2C8541D466558C /* CockpitSettings.swift */ = {isa = PBXFileReference; lastKnownFileType = sourcecode.swift; path = CockpitSettings.swift; sourceTree = "<group>"; };
/* End PBXFileReference section */

/* Begin PBXFrameworksBuildPhase section */
		158B0819165AA2583B585A80 /* Frameworks */ = {
			isa = PBXFrameworksBuildPhase;
			buildActionMask = 2147483647;
			files = (
				247ABA78C6FE2BC434DDBE4B /* SettingsAccess in Frameworks */,
				043AC30A625E196AE0399350 /* Core in Frameworks */,
			);
			runOnlyForDeploymentPostprocessing = 0;
		};
/* End PBXFrameworksBuildPhase section */

/* Begin PBXGroup section */
		7028BEDDE06C29319D56DA27 = {
			isa = PBXGroup;
			children = (
				F1F7FCE63CE14876EF005734 /* OneManSquadOS */,
				D0B56D9EA0EBA8E20DF1AD93 /* Packages */,
				D1872108EB8AE47D0595930D /* Products */,
			);
			sourceTree = "<group>";
		};
		8A833A80AE8368E1AD857143 /* Views */ = {
			isa = PBXGroup;
			children = (
				3830CD87855310402FE360F4 /* FeatureDocumentsView.swift */,
				74ADC0900A78FC73E1BB4C9F /* HypothesisCardView.swift */,
				9B73DC5BF408731331EE6FFF /* HypothesisStatus+UI.swift */,
				94A0512F95BAE21582D3781E /* MarkdownView.swift */,
				43C785ABB6B014BC20DFB59F /* MenuBarView.swift */,
				5AC1674BE1E80346C94DA7DA /* MilestoneKanbanView.swift */,
				331C12E183DB75C77F1A47D0 /* PortfolioView.swift */,
				F495BA19EC2C4DCC465D46A8 /* SBARDetailView.swift */,
				0909C4101C19A4B7CE6CE364 /* SettingsView.swift */,
			);
			path = Views;
			sourceTree = "<group>";
		};
		8FEA94B64A0C0083CCD88B0B /* Resources */ = {
			isa = PBXGroup;
			children = (
				427386EC072DEB795578999B /* Info.plist */,
			);
			path = Resources;
			sourceTree = "<group>";
		};
		ADFE57C4ADA75B4E6BAA8898 /* Stores */ = {
			isa = PBXGroup;
			children = (
				348F8135BD0F6C020C23F1AC /* PortfolioStore.swift */,
				8AB8947BCB49D0A3EE3C9FA0 /* RepoWatcher.swift */,
			);
			path = Stores;
			sourceTree = "<group>";
		};
		B6D8EB1B87A7ADF4FADE29AF /* Models */ = {
			isa = PBXGroup;
			children = (
				1483A931688AE22C1D96D562 /* BacklogHypothesis.swift */,
				BAF6837DB9535CB1C0FBC52B /* CockpitSchema.swift */,
				FA7EA0064D2C8541D466558C /* CockpitSettings.swift */,
			);
			path = Models;
			sourceTree = "<group>";
		};
		D0B56D9EA0EBA8E20DF1AD93 /* Packages */ = {
			isa = PBXGroup;
			children = (
				DD81564D7A1C925DEAA5D65C /* philosophy-driven-ux */,
			);
			name = Packages;
			sourceTree = "<group>";
		};
		D1872108EB8AE47D0595930D /* Products */ = {
			isa = PBXGroup;
			children = (
				BC755B6EEA537DC414827C48 /* OneManSquadOS.app */,
			);
			name = Products;
			sourceTree = "<group>";
		};
		DCCE8E058AF0C7ABD003B708 /* App */ = {
			isa = PBXGroup;
			children = (
				87498EAEC2A6A785DF5A83F1 /* AppDelegate.swift */,
				54B1921F5959B03F46508A79 /* CockpitApp.swift */,
			);
			path = App;
			sourceTree = "<group>";
		};
		F1F7FCE63CE14876EF005734 /* OneManSquadOS */ = {
			isa = PBXGroup;
			children = (
				DCCE8E058AF0C7ABD003B708 /* App */,
				B6D8EB1B87A7ADF4FADE29AF /* Models */,
				8FEA94B64A0C0083CCD88B0B /* Resources */,
				ADFE57C4ADA75B4E6BAA8898 /* Stores */,
				8A833A80AE8368E1AD857143 /* Views */,
			);
			name = OneManSquadOS;
			path = Sources/OneManSquadOS;
			sourceTree = "<group>";
		};
/* End PBXGroup section */

/* Begin PBXNativeTarget section */
		4ABCA1789AEBBA90CCE5C65D /* OneManSquadOS */ = {
			isa = PBXNativeTarget;
			buildConfigurationList = 4F8893FF830ACF17DC804269 /* Build configuration list for PBXNativeTarget "OneManSquadOS" */;
			buildPhases = (
				43D1D089FE4EBB57C9B2E926 /* Sources */,
				158B0819165AA2583B585A80 /* Frameworks */,
			);
			buildRules = (
			);
			dependencies = (
			);
			name = OneManSquadOS;
			packageProductDependencies = (
				37F20202C24E86CDD84045E9 /* SettingsAccess */,
				E14C633AE8BECFA5FA2A038D /* Core */,
			);
			productName = OneManSquadOS;
			productReference = BC755B6EEA537DC414827C48 /* OneManSquadOS.app */;
			productType = "com.apple.product-type.application";
		};
/* End PBXNativeTarget section */

/* Begin PBXProject section */
		A1904C613536EAC8402CD4BC /* Project object */ = {
			isa = PBXProject;
			attributes = {
				BuildIndependentTargetsInParallel = YES;
				LastUpgradeCheck = 1630;
				TargetAttributes = {
					4ABCA1789AEBBA90CCE5C65D = {
						ProvisioningStyle = Automatic;
					};
				};
			};
			buildConfigurationList = 3395B8F17E9DEAABE4B28915 /* Build configuration list for PBXProject "OneManSquadOS" */;
			developmentRegion = en;
			hasScannedForEncodings = 0;
			knownRegions = (
				Base,
				en,
			);
			mainGroup = 7028BEDDE06C29319D56DA27;
			minimizedProjectReferenceProxies = 1;
			packageReferences = (
				0218880B842ECC0B1D10F6FB /* XCRemoteSwiftPackageReference "SettingsAccess" */,
				CE466533D167CECE9909B7A8 /* XCLocalSwiftPackageReference "." */,
			);
			preferredProjectObjectVersion = 77;
			productRefGroup = D1872108EB8AE47D0595930D /* Products */;
			projectDirPath = "";
			projectRoot = "";
			targets = (
				4ABCA1789AEBBA90CCE5C65D /* OneManSquadOS */,
			);
		};
/* End PBXProject section */

/* Begin PBXSourcesBuildPhase section */
		43D1D089FE4EBB57C9B2E926 /* Sources */ = {
			isa = PBXSourcesBuildPhase;
			buildActionMask = 2147483647;
			files = (
				43D962F1531C5D593E701917 /* AppDelegate.swift in Sources */,
				346F7415782F1F419D116751 /* BacklogHypothesis.swift in Sources */,
				24053830E786618821046253 /* CockpitApp.swift in Sources */,
				590C5A7840E85C35EAD7A07A /* CockpitSchema.swift in Sources */,
				02B725E77F574A135B3125B3 /* CockpitSettings.swift in Sources */,
				8F95206E252E5698E601FEFD /* FeatureDocumentsView.swift in Sources */,
				AE322EB06B72812DC240EE1D /* HypothesisCardView.swift in Sources */,
				B5020528F36DECB11F955BE2 /* HypothesisStatus+UI.swift in Sources */,
				DE723B2CE17B258A2A796B4A /* MarkdownView.swift in Sources */,
				FB78D19E7F8559CEDB548E39 /* MenuBarView.swift in Sources */,
				76CC42A865BC8A726AD304BD /* MilestoneKanbanView.swift in Sources */,
				AF25E5AF8B64B21880FF9E74 /* PortfolioStore.swift in Sources */,
				D0930F70B63C113406E85476 /* PortfolioView.swift in Sources */,
				6E63928C19DAA8FEE6ABFED3 /* RepoWatcher.swift in Sources */,
				0201980EF6B1CF376CE8CB91 /* SBARDetailView.swift in Sources */,
				215BB882FC5892B76FEBC514 /* SettingsView.swift in Sources */,
			);
			runOnlyForDeploymentPostprocessing = 0;
		};
/* End PBXSourcesBuildPhase section */

/* Begin XCBuildConfiguration section */
		103051BBF10D9155F2C9AAAE /* Debug */ = {
			isa = XCBuildConfiguration;
			buildSettings = {
				ALWAYS_SEARCH_USER_PATHS = NO;
				CLANG_ANALYZER_NONNULL = YES;
				CLANG_ANALYZER_NUMBER_OBJECT_CONVERSION = YES_AGGRESSIVE;
				CLANG_CXX_LANGUAGE_STANDARD = "gnu++14";
				CLANG_CXX_LIBRARY = "libc++";
				CLANG_ENABLE_MODULES = YES;
				CLANG_ENABLE_OBJC_ARC = YES;
				CLANG_ENABLE_OBJC_WEAK = YES;
				CLANG_WARN_BLOCK_CAPTURE_AUTORELEASING = YES;
				CLANG_WARN_BOOL_CONVERSION = YES;
				CLANG_WARN_COMMA = YES;
				CLANG_WARN_CONSTANT_CONVERSION = YES;
				CLANG_WARN_DEPRECATED_OBJC_IMPLEMENTATIONS = YES;
				CLANG_WARN_DIRECT_OBJC_ISA_USAGE = YES_ERROR;
				CLANG_WARN_DOCUMENTATION_COMMENTS = YES;
				CLANG_WARN_EMPTY_BODY = YES;
				CLANG_WARN_ENUM_CONVERSION = YES;
				CLANG_WARN_INFINITE_RECURSION = YES;
				CLANG_WARN_INT_CONVERSION = YES;
				CLANG_WARN_NON_LITERAL_NULL_CONVERSION = YES;
				CLANG_WARN_OBJC_IMPLICIT_RETAIN_SELF = YES;
				CLANG_WARN_OBJC_LITERAL_CONVERSION = YES;
				CLANG_WARN_OBJC_ROOT_CLASS = YES_ERROR;
				CLANG_WARN_QUOTED_INCLUDE_IN_FRAMEWORK_HEADER = YES;
				CLANG_WARN_RANGE_LOOP_ANALYSIS = YES;
				CLANG_WARN_STRICT_PROTOTYPES = YES;
				CLANG_WARN_SUSPICIOUS_MOVE = YES;
				CLANG_WARN_UNGUARDED_AVAILABILITY = YES_AGGRESSIVE;
				CLANG_WARN_UNREACHABLE_CODE = YES;
				CLANG_WARN__DUPLICATE_METHOD_MATCH = YES;
				COPY_PHASE_STRIP = NO;
				DEBUG_INFORMATION_FORMAT = dwarf;
				ENABLE_STRICT_OBJC_MSGSEND = YES;
				ENABLE_TESTABILITY = YES;
				GCC_C_LANGUAGE_STANDARD = gnu11;
				GCC_DYNAMIC_NO_PIC = NO;
				GCC_NO_COMMON_BLOCKS = YES;
				GCC_OPTIMIZATION_LEVEL = 0;
				GCC_PREPROCESSOR_DEFINITIONS = (
					"$(inherited)",
					"DEBUG=1",
				);
				GCC_WARN_64_TO_32_BIT_CONVERSION = YES;
				GCC_WARN_ABOUT_RETURN_TYPE = YES_ERROR;
				GCC_WARN_UNDECLARED_SELECTOR = YES;
				GCC_WARN_UNINITIALIZED_AUTOS = YES_AGGRESSIVE;
				GCC_WARN_UNUSED_FUNCTION = YES;
				GCC_WARN_UNUSED_VARIABLE = YES;
				MACOSX_DEPLOYMENT_TARGET = 14.0;
				MTL_ENABLE_DEBUG_INFO = INCLUDE_SOURCE;
				MTL_FAST_MATH = YES;
				ONLY_ACTIVE_ARCH = YES;
				PRODUCT_NAME = "$(TARGET_NAME)";
				SDKROOT = macosx;
				SWIFT_ACTIVE_COMPILATION_CONDITIONS = DEBUG;
				SWIFT_OPTIMIZATION_LEVEL = "-Onone";
				SWIFT_VERSION = 5.0;
			};
			name = Debug;
		};
		8253FE3ABA0782650311AC7B /* Release */ = {
			isa = XCBuildConfiguration;
			buildSettings = {
				ASSETCATALOG_COMPILER_APPICON_NAME = AppIcon;
				CODE_SIGN_STYLE = Automatic;
				COMBINE_HIDPI_IMAGES = YES;
				ENABLE_HARDENED_RUNTIME = YES;
				INFOPLIST_FILE = Sources/OneManSquadOS/Resources/Info.plist;
				LD_RUNPATH_SEARCH_PATHS = (
					"$(inherited)",
					"@executable_path/../Frameworks",
				);
				MACOSX_DEPLOYMENT_TARGET = 14.0;
				PRODUCT_BUNDLE_IDENTIFIER = "com.rmolines.one-man-squad-os";
				SDKROOT = macosx;
				SWIFT_VERSION = 6.0;
			};
			name = Release;
		};
		8A28E38929EFA8B3C050E6C8 /* Release */ = {
			isa = XCBuildConfiguration;
			buildSettings = {
				ALWAYS_SEARCH_USER_PATHS = NO;
				CLANG_ANALYZER_NONNULL = YES;
				CLANG_ANALYZER_NUMBER_OBJECT_CONVERSION = YES_AGGRESSIVE;
				CLANG_CXX_LANGUAGE_STANDARD = "gnu++14";
				CLANG_CXX_LIBRARY = "libc++";
				CLANG_ENABLE_MODULES = YES;
				CLANG_ENABLE_OBJC_ARC = YES;
				CLANG_ENABLE_OBJC_WEAK = YES;
				CLANG_WARN_BLOCK_CAPTURE_AUTORELEASING = YES;
				CLANG_WARN_BOOL_CONVERSION = YES;
				CLANG_WARN_COMMA = YES;
				CLANG_WARN_CONSTANT_CONVERSION = YES;
				CLANG_WARN_DEPRECATED_OBJC_IMPLEMENTATIONS = YES;
				CLANG_WARN_DIRECT_OBJC_ISA_USAGE = YES_ERROR;
				CLANG_WARN_DOCUMENTATION_COMMENTS = YES;
				CLANG_WARN_EMPTY_BODY = YES;
				CLANG_WARN_ENUM_CONVERSION = YES;
				CLANG_WARN_INFINITE_RECURSION = YES;
				CLANG_WARN_INT_CONVERSION = YES;
				CLANG_WARN_NON_LITERAL_NULL_CONVERSION = YES;
				CLANG_WARN_OBJC_IMPLICIT_RETAIN_SELF = YES;
				CLANG_WARN_OBJC_LITERAL_CONVERSION = YES;
				CLANG_WARN_OBJC_ROOT_CLASS = YES_ERROR;
				CLANG_WARN_QUOTED_INCLUDE_IN_FRAMEWORK_HEADER = YES;
				CLANG_WARN_RANGE_LOOP_ANALYSIS = YES;
				CLANG_WARN_STRICT_PROTOTYPES = YES;
				CLANG_WARN_SUSPICIOUS_MOVE = YES;
				CLANG_WARN_UNGUARDED_AVAILABILITY = YES_AGGRESSIVE;
				CLANG_WARN_UNREACHABLE_CODE = YES;
				CLANG_WARN__DUPLICATE_METHOD_MATCH = YES;
				COPY_PHASE_STRIP = NO;
				DEBUG_INFORMATION_FORMAT = "dwarf-with-dsym";
				ENABLE_NS_ASSERTIONS = NO;
				ENABLE_STRICT_OBJC_MSGSEND = YES;
				GCC_C_LANGUAGE_STANDARD = gnu11;
				GCC_NO_COMMON_BLOCKS = YES;
				GCC_WARN_64_TO_32_BIT_CONVERSION = YES;
				GCC_WARN_ABOUT_RETURN_TYPE = YES_ERROR;
				GCC_WARN_UNDECLARED_SELECTOR = YES;
				GCC_WARN_UNINITIALIZED_AUTOS = YES_AGGRESSIVE;
				GCC_WARN_UNUSED_FUNCTION = YES;
				GCC_WARN_UNUSED_VARIABLE = YES;
				MACOSX_DEPLOYMENT_TARGET = 14.0;
				MTL_ENABLE_DEBUG_INFO = NO;
				MTL_FAST_MATH = YES;
				PRODUCT_NAME = "$(TARGET_NAME)";
				SDKROOT = macosx;
				SWIFT_COMPILATION_MODE = wholemodule;
				SWIFT_OPTIMIZATION_LEVEL = "-O";
				SWIFT_VERSION = 5.0;
			};
			name = Release;
		};
		B6C632D07BF08ACDC5049CE4 /* Debug */ = {
			isa = XCBuildConfiguration;
			buildSettings = {
				ASSETCATALOG_COMPILER_APPICON_NAME = AppIcon;
				CODE_SIGN_STYLE = Automatic;
				COMBINE_HIDPI_IMAGES = YES;
				ENABLE_HARDENED_RUNTIME = YES;
				INFOPLIST_FILE = Sources/OneManSquadOS/Resources/Info.plist;
				LD_RUNPATH_SEARCH_PATHS = (
					"$(inherited)",
					"@executable_path/../Frameworks",
				);
				MACOSX_DEPLOYMENT_TARGET = 14.0;
				PRODUCT_BUNDLE_IDENTIFIER = "com.rmolines.one-man-squad-os";
				SDKROOT = macosx;
				SWIFT_VERSION = 6.0;
			};
			name = Debug;
		};
/* End XCBuildConfiguration section */

/* Begin XCConfigurationList section */
		3395B8F17E9DEAABE4B28915 /* Build configuration list for PBXProject "OneManSquadOS" */ = {
			isa = XCConfigurationList;
			buildConfigurations = (
				103051BBF10D9155F2C9AAAE /* Debug */,
				8A28E38929EFA8B3C050E6C8 /* Release */,
			);
			defaultConfigurationIsVisible = 0;
			defaultConfigurationName = Debug;
		};
		4F8893FF830ACF17DC804269 /* Build configuration list for PBXNativeTarget "OneManSquadOS" */ = {
			isa = XCConfigurationList;
			buildConfigurations = (
				B6C632D07BF08ACDC5049CE4 /* Debug */,
				8253FE3ABA0782650311AC7B /* Release */,
			);
			defaultConfigurationIsVisible = 0;
			defaultConfigurationName = Debug;
		};
/* End XCConfigurationList section */

/* Begin XCLocalSwiftPackageReference section */
		CE466533D167CECE9909B7A8 /* XCLocalSwiftPackageReference "." */ = {
			isa = XCLocalSwiftPackageReference;
			relativePath = .;
		};
/* End XCLocalSwiftPackageReference section */

/* Begin XCRemoteSwiftPackageReference section */
		0218880B842ECC0B1D10F6FB /* XCRemoteSwiftPackageReference "SettingsAccess" */ = {
			isa = XCRemoteSwiftPackageReference;
			repositoryURL = "https://github.com/orchetect/SettingsAccess";
			requirement = {
				kind = upToNextMajorVersion;
				minimumVersion = 2.0.0;
			};
		};
/* End XCRemoteSwiftPackageReference section */

/* Begin XCSwiftPackageProductDependency section */
		37F20202C24E86CDD84045E9 /* SettingsAccess */ = {
			isa = XCSwiftPackageProductDependency;
			package = 0218880B842ECC0B1D10F6FB /* XCRemoteSwiftPackageReference "SettingsAccess" */;
			productName = SettingsAccess;
		};
		E14C633AE8BECFA5FA2A038D /* Core */ = {
			isa = XCSwiftPackageProductDependency;
			productName = Core;
		};
/* End XCSwiftPackageProductDependency section */
	};
	rootObject = A1904C613536EAC8402CD4BC /* Project object */;
}
